// !$*UTF8*$!
{
	archiveVersion = 1;
	classes = {
	};
	objectVersion = 50;
	objects = {

/* Begin PBXBuildFile section */
		D06E325E2272CADF00D7AF22 /* AppDelegate.m in Sources */ = {isa = PBXBuildFile; fileRef = D06E325D2272CADF00D7AF22 /* AppDelegate.m */; };
		D06E32612272CADF00D7AF22 /* ViewController.m in Sources */ = {isa = PBXBuildFile; fileRef = D06E32602272CADF00D7AF22 /* ViewController.m */; };
		D06E32642272CADF00D7AF22 /* Main.storyboard in Resources */ = {isa = PBXBuildFile; fileRef = D06E32622272CADF00D7AF22 /* Main.storyboard */; };
		D06E32662272CAE000D7AF22 /* Assets.xcassets in Resources */ = {isa = PBXBuildFile; fileRef = D06E32652272CAE000D7AF22 /* Assets.xcassets */; };
		D06E32692272CAE000D7AF22 /* LaunchScreen.storyboard in Resources */ = {isa = PBXBuildFile; fileRef = D06E32672272CAE000D7AF22 /* LaunchScreen.storyboard */; };
		D06E326C2272CAE000D7AF22 /* main.m in Sources */ = {isa = PBXBuildFile; fileRef = D06E326B2272CAE000D7AF22 /* main.m */; };
		D06E328A2272D2B500D7AF22 /* DynamicCore.framework in Frameworks */ = {isa = PBXBuildFile; fileRef = D06E32872272D2B500D7AF22 /* DynamicCore.framework */; settings = {ATTRIBUTES = (Required, ); }; };
		D06E328C2272D2B500D7AF22 /* DynamicApi.framework in Frameworks */ = {isa = PBXBuildFile; fileRef = D06E32892272D2B500D7AF22 /* DynamicApi.framework */; settings = {ATTRIBUTES = (Required, ); }; };
		D06E328D2272D2D700D7AF22 /* DynamicCore.framework in Embed Frameworks */ = {isa = PBXBuildFile; fileRef = D06E32872272D2B500D7AF22 /* DynamicCore.framework */; settings = {ATTRIBUTES = (CodeSignOnCopy, RemoveHeadersOnCopy, ); }; };
		D06E328E2272D2D700D7AF22 /* DynamicImp.framework in Embed Frameworks */ = {isa = PBXBuildFile; fileRef = D06E32882272D2B500D7AF22 /* DynamicImp.framework */; settings = {ATTRIBUTES = (CodeSignOnCopy, RemoveHeadersOnCopy, ); }; };
		D06E328F2272D2D700D7AF22 /* DynamicApi.framework in Embed Frameworks */ = {isa = PBXBuildFile; fileRef = D06E32892272D2B500D7AF22 /* DynamicApi.framework */; settings = {ATTRIBUTES = (CodeSignOnCopy, RemoveHeadersOnCopy, ); }; };
/* End PBXBuildFile section */

/* Begin PBXCopyFilesBuildPhase section */
		D06E32852272D27F00D7AF22 /* Embed Frameworks */ = {
			isa = PBXCopyFilesBuildPhase;
			buildActionMask = 2147483647;
			dstPath = "";
			dstSubfolderSpec = 10;
			files = (
				D06E328D2272D2D700D7AF22 /* DynamicCore.framework in Embed Frameworks */,
				D06E328E2272D2D700D7AF22 /* DynamicImp.framework in Embed Frameworks */,
				D06E328F2272D2D700D7AF22 /* DynamicApi.framework in Embed Frameworks */,
			);
			name = "Embed Frameworks";
			runOnlyForDeploymentPostprocessing = 0;
		};
/* End PBXCopyFilesBuildPhase section */

/* Begin PBXFileReference section */
		D06E32592272CADF00D7AF22 /* Demo2.app */ = {isa = PBXFileReference; explicitFileType = wrapper.application; includeInIndex = 0; path = Demo2.app; sourceTree = BUILT_PRODUCTS_DIR; };
		D06E325C2272CADF00D7AF22 /* AppDelegate.h */ = {isa = PBXFileReference; lastKnownFileType = sourcecode.c.h; path = AppDelegate.h; sourceTree = "<group>"; };
		D06E325D2272CADF00D7AF22 /* AppDelegate.m */ = {isa = PBXFileReference; lastKnownFileType = sourcecode.c.objc; path = AppDelegate.m; sourceTree = "<group>"; };
		D06E325F2272CADF00D7AF22 /* ViewController.h */ = {isa = PBXFileReference; lastKnownFileType = sourcecode.c.h; path = ViewController.h; sourceTree = "<group>"; };
		D06E32602272CADF00D7AF22 /* ViewController.m */ = {isa = PBXFileReference; lastKnownFileType = sourcecode.c.objc; path = ViewController.m; sourceTree = "<group>"; };
		D06E32632272CADF00D7AF22 /* Base */ = {isa = PBXFileReference; lastKnownFileType = file.storyboard; name = Base; path = Base.lproj/Main.storyboard; sourceTree = "<group>"; };
		D06E32652272CAE000D7AF22 /* Assets.xcassets */ = {isa = PBXFileReference; lastKnownFileType = folder.assetcatalog; path = Assets.xcassets; sourceTree = "<group>"; };
		D06E32682272CAE000D7AF22 /* Base */ = {isa = PBXFileReference; lastKnownFileType = file.storyboard; name = Base; path = Base.lproj/LaunchScreen.storyboard; sourceTree = "<group>"; };
		D06E326A2272CAE000D7AF22 /* Info.plist */ = {isa = PBXFileReference; lastKnownFileType = text.plist.xml; path = Info.plist; sourceTree = "<group>"; };
		D06E326B2272CAE000D7AF22 /* main.m */ = {isa = PBXFileReference; lastKnownFileType = sourcecode.c.objc; path = main.m; sourceTree = "<group>"; };
		D06E32872272D2B500D7AF22 /* DynamicCore.framework */ = {isa = PBXFileReference; lastKnownFileType = wrapper.framework; path = DynamicCore.framework; sourceTree = "<group>"; };
		D06E32882272D2B500D7AF22 /* DynamicImp.framework */ = {isa = PBXFileReference; lastKnownFileType = wrapper.framework; path = DynamicImp.framework; sourceTree = "<group>"; };
		D06E32892272D2B500D7AF22 /* DynamicApi.framework */ = {isa = PBXFileReference; lastKnownFileType = wrapper.framework; path = DynamicApi.framework; sourceTree = "<group>"; };
/* End PBXFileReference section */

/* Begin PBXFrameworksBuildPhase section */
		D06E32562272CADF00D7AF22 /* Frameworks */ = {
			isa = PBXFrameworksBuildPhase;
			buildActionMask = 2147483647;
			files = (
				D06E328A2272D2B500D7AF22 /* DynamicCore.framework in Frameworks */,
				D06E328C2272D2B500D7AF22 /* DynamicApi.framework in Frameworks */,
			);
			runOnlyForDeploymentPostprocessing = 0;
		};
/* End PBXFrameworksBuildPhase section */

/* Begin PBXGroup section */
		D06E32502272CADF00D7AF22 = {
			isa = PBXGroup;
			children = (
				D06E325B2272CADF00D7AF22 /* Demo2 */,
				D06E325A2272CADF00D7AF22 /* Products */,
			);
			sourceTree = "<group>";
		};
		D06E325A2272CADF00D7AF22 /* Products */ = {
			isa = PBXGroup;
			children = (
				D06E32592272CADF00D7AF22 /* Demo2.app */,
			);
			name = Products;
			sourceTree = "<group>";
		};
		D06E325B2272CADF00D7AF22 /* Demo2 */ = {
			isa = PBXGroup;
			children = (
				D06E325C2272CADF00D7AF22 /* AppDelegate.h */,
				D06E325D2272CADF00D7AF22 /* AppDelegate.m */,
				D06E325F2272CADF00D7AF22 /* ViewController.h */,
				D06E32602272CADF00D7AF22 /* ViewController.m */,
				D06E32622272CADF00D7AF22 /* Main.storyboard */,
				D06E32652272CAE000D7AF22 /* Assets.xcassets */,
				D06E32672272CAE000D7AF22 /* LaunchScreen.storyboard */,
				D06E326A2272CAE000D7AF22 /* Info.plist */,
				D06E326B2272CAE000D7AF22 /* main.m */,
				D06E32862272D2B500D7AF22 /* Frameworks */,
			);
			path = Demo2;
			sourceTree = "<group>";
		};
		D06E32862272D2B500D7AF22 /* Frameworks */ = {
			isa = PBXGroup;
			children = (
				D06E32872272D2B500D7AF22 /* DynamicCore.framework */,
				D06E32882272D2B500D7AF22 /* DynamicImp.framework */,
				D06E32892272D2B500D7AF22 /* DynamicApi.framework */,
			);
			path = Frameworks;
			sourceTree = SOURCE_ROOT;
		};
/* End PBXGroup section */

/* Begin PBXNativeTarget section */
		D06E32582272CADF00D7AF22 /* Demo2 */ = {
			isa = PBXNativeTarget;
			buildConfigurationList = D06E326F2272CAE000D7AF22 /* Build configuration list for PBXNativeTarget "Demo2" */;
			buildPhases = (
				D06E32552272CADF00D7AF22 /* Sources */,
				D06E32562272CADF00D7AF22 /* Frameworks */,
				D06E32572272CADF00D7AF22 /* Resources */,
				D06E32852272D27F00D7AF22 /* Embed Frameworks */,
			);
			buildRules = (
			);
			dependencies = (
			);
			name = Demo2;
			productName = Demo2;
			productReference = D06E32592272CADF00D7AF22 /* Demo2.app */;
			productType = "com.apple.product-type.application";
		};
/* End PBXNativeTarget section */

/* Begin PBXProject section */
		D06E32512272CADF00D7AF22 /* Project object */ = {
			isa = PBXProject;
			attributes = {
				LastUpgradeCheck = 1020;
				ORGANIZATIONNAME = IGG;
				TargetAttributes = {
					D06E32582272CADF00D7AF22 = {
						CreatedOnToolsVersion = 10.2;
					};
				};
			};
			buildConfigurationList = D06E32542272CADF00D7AF22 /* Build configuration list for PBXProject "Demo2" */;
			compatibilityVersion = "Xcode 9.3";
			developmentRegion = en;
			hasScannedForEncodings = 0;
			knownRegions = (
				en,
				Base,
			);
			mainGroup = D06E32502272CADF00D7AF22;
			productRefGroup = D06E325A2272CADF00D7AF22 /* Products */;
			projectDirPath = "";
			projectRoot = "";
			targets = (
				D06E32582272CADF00D7AF22 /* Demo2 */,
			);
		};
/* End PBXProject section */

/* Begin PBXResourcesBuildPhase section */
		D06E32572272CADF00D7AF22 /* Resources */ = {
			isa = PBXResourcesBuildPhase;
			buildActionMask = 2147483647;
			files = (
				D06E32692272CAE000D7AF22 /* LaunchScreen.storyboard in Resources */,
				D06E32662272CAE000D7AF22 /* Assets.xcassets in Resources */,
				D06E32642272CADF00D7AF22 /* Main.storyboard in Resources */,
			);
			runOnlyForDeploymentPostprocessing = 0;
		};
/* End PBXResourcesBuildPhase section */

/* Begin PBXSourcesBuildPhase section */
		D06E32552272CADF00D7AF22 /* Sources */ = {
			isa = PBXSourcesBuildPhase;
			buildActionMask = 2147483647;
			files = (
				D06E32612272CADF00D7AF22 /* ViewController.m in Sources */,
				D06E326C2272CAE000D7AF22 /* main.m in Sources */,
				D06E325E2272CADF00D7AF22 /* AppDelegate.m in Sources */,
			);
			runOnlyForDeploymentPostprocessing = 0;
		};
/* End PBXSourcesBuildPhase section */

/* Begin PBXVariantGroup section */
		D06E32622272CADF00D7AF22 /* Main.storyboard */ = {
			isa = PBXVariantGroup;
			children = (
				D06E32632272CADF00D7AF22 /* Base */,
			);
			name = Main.storyboard;
			sourceTree = "<group>";
		};
		D06E32672272CAE000D7AF22 /* LaunchScreen.storyboard */ = {
			isa = PBXVariantGroup;
			children = (
				D06E32682272CAE000D7AF22 /* Base */,
			);
			name = LaunchScreen.storyboard;
			sourceTree = "<group>";
		};
/* End PBXVariantGroup section */

/* Begin XCBuildConfiguration section */
		D06E326D2272CAE000D7AF22 /* Debug */ = {
			isa = XCBuildConfiguration;
			buildSettings = {
				ALWAYS_SEARCH_USER_PATHS = NO;
				CLANG_ANALYZER_NONNULL = YES;
				CLANG_ANALYZER_NUMBER_OBJECT_CONVERSION = YES_AGGRESSIVE;
				CLANG_CXX_LANGUAGE_STANDARD = "gnu++14";
				CLANG_CXX_LIBRARY = "libc++";
				CLANG_ENABLE_MODULES = YES;
				CLANG_ENABLE_OBJC_ARC = YES;
				CLANG_ENABLE_OBJC_WEAK = YES;
				CLANG_WARN_BLOCK_CAPTURE_AUTORELEASING = YES;
				CLANG_WARN_BOOL_CONVERSION = YES;
				CLANG_WARN_COMMA = YES;
				CLANG_WARN_CONSTANT_CONVERSION = YES;
				CLANG_WARN_DEPRECATED_OBJC_IMPLEMENTATIONS = YES;
				CLANG_WARN_DIRECT_OBJC_ISA_USAGE = YES_ERROR;
				CLANG_WARN_DOCUMENTATION_COMMENTS = YES;
				CLANG_WARN_EMPTY_BODY = YES;
				CLANG_WARN_ENUM_CONVERSION = YES;
				CLANG_WARN_INFINITE_RECURSION = YES;
				CLANG_WARN_INT_CONVERSION = YES;
				CLANG_WARN_NON_LITERAL_NULL_CONVERSION = YES;
				CLANG_WARN_OBJC_IMPLICIT_RETAIN_SELF = YES;
				CLANG_WARN_OBJC_LITERAL_CONVERSION = YES;
				CLANG_WARN_OBJC_ROOT_CLASS = YES_ERROR;
				CLANG_WARN_RANGE_LOOP_ANALYSIS = YES;
				CLANG_WARN_STRICT_PROTOTYPES = YES;
				CLANG_WARN_SUSPICIOUS_MOVE = YES;
				CLANG_WARN_UNGUARDED_AVAILABILITY = YES_AGGRESSIVE;
				CLANG_WARN_UNREACHABLE_CODE = YES;
				CLANG_WARN__DUPLICATE_METHOD_MATCH = YES;
				CODE_SIGN_IDENTITY = "iPhone Developer";
				COPY_PHASE_STRIP = NO;
				DEBUG_INFORMATION_FORMAT = dwarf;
				ENABLE_STRICT_OBJC_MSGSEND = YES;
				ENABLE_TESTABILITY = YES;
				GCC_C_LANGUAGE_STANDARD = gnu11;
				GCC_DYNAMIC_NO_PIC = NO;
				GCC_NO_COMMON_BLOCKS = YES;
				GCC_OPTIMIZATION_LEVEL = 0;
				GCC_PREPROCESSOR_DEFINITIONS = (
					"DEBUG=1",
					"$(inherited)",
				);
				GCC_WARN_64_TO_32_BIT_CONVERSION = YES;
				GCC_WARN_ABOUT_RETURN_TYPE = YES_ERROR;
				GCC_WARN_UNDECLARED_SELECTOR = YES;
				GCC_WARN_UNINITIALIZED_AUTOS = YES_AGGRESSIVE;
				GCC_WARN_UNUSED_FUNCTION = YES;
				GCC_WARN_UNUSED_VARIABLE = YES;
				IPHONEOS_DEPLOYMENT_TARGET = 12.2;
				MTL_ENABLE_DEBUG_INFO = INCLUDE_SOURCE;
				MTL_FAST_MATH = YES;
				ONLY_ACTIVE_ARCH = YES;
				SDKROOT = iphoneos;
			};
			name = Debug;
		};
		D06E326E2272CAE000D7AF22 /* Release */ = {
			isa = XCBuildConfiguration;
			buildSettings = {
				ALWAYS_SEARCH_USER_PATHS = NO;
				CLANG_ANALYZER_NONNULL = YES;
				CLANG_ANALYZER_NUMBER_OBJECT_CONVERSION = YES_AGGRESSIVE;
				CLANG_CXX_LANGUAGE_STANDARD = "gnu++14";
				CLANG_CXX_LIBRARY = "libc++";
				CLANG_ENABLE_MODULES = YES;
				CLANG_ENABLE_OBJC_ARC = YES;
				CLANG_ENABLE_OBJC_WEAK = YES;
				CLANG_WARN_BLOCK_CAPTURE_AUTORELEASING = YES;
				CLANG_WARN_BOOL_CONVERSION = YES;
				CLANG_WARN_COMMA = YES;
				CLANG_WARN_CONSTANT_CONVERSION = YES;
				CLANG_WARN_DEPRECATED_OBJC_IMPLEMENTATIONS = YES;
				CLANG_WARN_DIRECT_OBJC_ISA_USAGE = YES_ERROR;
				CLANG_WARN_DOCUMENTATION_COMMENTS = YES;
				CLANG_WARN_EMPTY_BODY = YES;
				CLANG_WARN_ENUM_CONVERSION = YES;
				CLANG_WARN_INFINITE_RECURSION = YES;
				CLANG_WARN_INT_CONVERSION = YES;
				CLANG_WARN_NON_LITERAL_NULL_CONVERSION = YES;
				CLANG_WARN_OBJC_IMPLICIT_RETAIN_SELF = YES;
				CLANG_WARN_OBJC_LITERAL_CONVERSION = YES;
				CLANG_WARN_OBJC_ROOT_CLASS = YES_ERROR;
				CLANG_WARN_RANGE_LOOP_ANALYSIS = YES;
				CLANG_WARN_STRICT_PROTOTYPES = YES;
				CLANG_WARN_SUSPICIOUS_MOVE = YES;
				CLANG_WARN_UNGUARDED_AVAILABILITY = YES_AGGRESSIVE;
				CLANG_WARN_UNREACHABLE_CODE = YES;
				CLANG_WARN__DUPLICATE_METHOD_MATCH = YES;
				CODE_SIGN_IDENTITY = "iPhone Developer";
				COPY_PHASE_STRIP = NO;
				DEBUG_INFORMATION_FORMAT = "dwarf-with-dsym";
				ENABLE_NS_ASSERTIONS = NO;
				ENABLE_STRICT_OBJC_MSGSEND = YES;
				GCC_C_LANGUAGE_STANDARD = gnu11;
				GCC_NO_COMMON_BLOCKS = YES;
				GCC_WARN_64_TO_32_BIT_CONVERSION = YES;
				GCC_WARN_ABOUT_RETURN_TYPE = YES_ERROR;
				GCC_WARN_UNDECLARED_SELECTOR = YES;
				GCC_WARN_UNINITIALIZED_AUTOS = YES_AGGRESSIVE;
				GCC_WARN_UNUSED_FUNCTION = YES;
				GCC_WARN_UNUSED_VARIABLE = YES;
				IPHONEOS_DEPLOYMENT_TARGET = 12.2;
				MTL_ENABLE_DEBUG_INFO = NO;
				MTL_FAST_MATH = YES;
				SDKROOT = iphoneos;
				VALIDATE_PRODUCT = YES;
			};
			name = Release;
		};
		D06E32702272CAE000D7AF22 /* Debug */ = {
			isa = XCBuildConfiguration;
			buildSettings = {
				ASSETCATALOG_COMPILER_APPICON_NAME = AppIcon;
				CODE_SIGN_STYLE = Automatic;
				DEVELOPMENT_TEAM = TEXZU2MESD;
				FRAMEWORK_SEARCH_PATHS = (
					"$(inherited)",
					"$(PROJECT_DIR)/Frameworks",
				);
				INFOPLIST_FILE = Demo2/Info.plist;
				LD_RUNPATH_SEARCH_PATHS = (
					"$(inherited)",
					"@executable_path/Frameworks",
				);
				PRODUCT_BUNDLE_IDENTIFIER = com.igg.demo.Demo2;
				PRODUCT_NAME = "$(TARGET_NAME)";
				TARGETED_DEVICE_FAMILY = "1,2";
			};
			name = Debug;
		};
		D06E32712272CAE000D7AF22 /* Release */ = {
			isa = XCBuildConfiguration;
			buildSettings = {
				ASSETCATALOG_COMPILER_APPICON_NAME = AppIcon;
				CODE_SIGN_STYLE = Automatic;
				DEVELOPMENT_TEAM = TEXZU2MESD;
				FRAMEWORK_SEARCH_PATHS = (
					"$(inherited)",
					"$(PROJECT_DIR)/Frameworks",
				);
				INFOPLIST_FILE = Demo2/Info.plist;
				LD_RUNPATH_SEARCH_PATHS = (
					"$(inherited)",
					"@executable_path/Frameworks",
				);
				PRODUCT_BUNDLE_IDENTIFIER = com.igg.demo.Demo2;
				PRODUCT_NAME = "$(TARGET_NAME)";
				TARGETED_DEVICE_FAMILY = "1,2";
			};
			name = Release;
		};
/* End XCBuildConfiguration section */

/* Begin XCConfigurationList section */
		D06E32542272CADF00D7AF22 /* Build configuration list for PBXProject "Demo2" */ = {
			isa = XCConfigurationList;
			buildConfigurations = (
				D06E326D2272CAE000D7AF22 /* Debug */,
				D06E326E2272CAE000D7AF22 /* Release */,
			);
			defaultConfigurationIsVisible = 0;
			defaultConfigurationName = Release;
		};
		D06E326F2272CAE000D7AF22 /* Build configuration list for PBXNativeTarget "Demo2" */ = {
			isa = XCConfigurationList;
			buildConfigurations = (
				D06E32702272CAE000D7AF22 /* Debug */,
				D06E32712272CAE000D7AF22 /* Release */,
			);
			defaultConfigurationIsVisible = 0;
			defaultConfigurationName = Release;
		};
/* End XCConfigurationList section */
	};
	rootObject = D06E32512272CADF00D7AF22 /* Project object */;
}
